
Microsoft Visual Studio Solution File, Format Version 12.00
# Visual Studio Version 16
VisualStudioVersion = 16.0.30320.27
MinimumVisualStudioVersion = 10.0.40219.1
Project("{FAE04EC0-301F-11D3-BF4B-00C04F79EFBC}") = "Ex21", "Ex21\Ex21.csproj", "{55C72438-C7B3-4A8A-BE78-E9965ABD614E}"
EndProject
Project("{FAE04EC0-301F-11D3-BF4B-00C04F79EFBC}") = "Ex20", "Ex20\Ex20.csproj", "{1F2B2BCE-BEDD-4981-97FF-1028ABF02AAE}"
EndProject
Project("{FAE04EC0-301F-11D3-BF4B-00C04F79EFBC}") = "Ex22", "Ex22\Ex22.csproj", "{777D6DB7-D552-4FB1-ACC0-2C59B5927EF6}"
EndProject
Project("{FAE04EC0-301F-11D3-BF4B-00C04F79EFBC}") = "Ex23", "Ex23\Ex23.csproj", "{7CA3E755-5FE1-4BDE-B959-C76BDF262178}"
EndProject
Project("{FAE04EC0-301F-11D3-BF4B-00C04F79EFBC}") = "Ex24", "Ex24\Ex24.csproj", "{226C76A4-AE83-43A3-8BA9-67C21D6E69B4}"
EndProject
Project("{FAE04EC0-301F-11D3-BF4B-00C04F79EFBC}") = "Ex25", "Ex25\Ex25.csproj", "{388A5C52-388D-4BBB-9E0D-7FA832F4442C}"
EndProject
Project("{FAE04EC0-301F-11D3-BF4B-00C04F79EFBC}") = "Ex26", "Ex26\Ex26.csproj", "{42B73FCD-6C46-40C1-BFE4-88A96277B541}"
EndProject
Project("{FAE04EC0-301F-11D3-BF4B-00C04F79EFBC}") = "Ex27", "Ex27\Ex27.csproj", "{A13E68C9-EFA5-456B-B84E-312F1846E71E}"
EndProject
Project("{FAE04EC0-301F-11D3-BF4B-00C04F79EFBC}") = "Ex28", "Ex28\Ex28.csproj", "{455FC18B-DD6F-44E5-BA14-4E89FA12C4AF}"
EndProject
Project("{FAE04EC0-301F-11D3-BF4B-00C04F79EFBC}") = "Ex29", "Ex29\Ex29.csproj", "{3654BDE1-1AB8-4DDA-9667-1982B8A69348}"
EndProject
Project("{FAE04EC0-301F-11D3-BF4B-00C04F79EFBC}") = "Ex30", "Ex30\Ex30.csproj", "{AB8A8469-1681-4560-A996-DAA75C1A44BF}"
EndProject
Project("{FAE04EC0-301F-11D3-BF4B-00C04F79EFBC}") = "Ex31", "Ex31\Ex31.csproj", "{B2EAC62F-DCE7-4DEF-9C41-71E1BEF7693A}"
EndProject
Project("{FAE04EC0-301F-11D3-BF4B-00C04F79EFBC}") = "Ex32", "Ex32\Ex32.csproj", "{E0274A79-515D-46A2-BD7C-3E8A389107DE}"
EndProject
Project("{FAE04EC0-301F-11D3-BF4B-00C04F79EFBC}") = "Ex33", "Ex33\Ex33.csproj", "{57838924-A032-4307-B06A-8EDF3C351B3D}"
EndProject
Project("{FAE04EC0-301F-11D3-BF4B-00C04F79EFBC}") = "Ex34", "Ex34\Ex34.csproj", "{DCEEC4FB-C5E6-41E2-9570-078739A7355B}"
EndProject
Project("{FAE04EC0-301F-11D3-BF4B-00C04F79EFBC}") = "Ex35", "Ex35\Ex35.csproj", "{1C4C4E68-70F0-4640-ADF6-FA1CCFA21834}"
EndProject
Project("{FAE04EC0-301F-11D3-BF4B-00C04F79EFBC}") = "Ex36", "Ex36\Ex36.csproj", "{16A691EB-0825-49CB-BC6F-92B3B3BAEFEA}"
EndProject
Project("{FAE04EC0-301F-11D3-BF4B-00C04F79EFBC}") = "Ex37", "Ex37\Ex37.csproj", "{EEB9E5FD-9A7C-490D-929F-072A1D002555}"
EndProject
Project("{FAE04EC0-301F-11D3-BF4B-00C04F79EFBC}") = "Ex38", "Ex38\Ex38.csproj", "{AACBD3B2-ED51-4379-AAB2-58117FD805B4}"
EndProject
Project("{FAE04EC0-301F-11D3-BF4B-00C04F79EFBC}") = "Ex39", "Ex39\Ex39.csproj", "{C7F0D825-ACC9-4CB0-9F59-CCF46FD44B30}"
EndProject
Project("{FAE04EC0-301F-11D3-BF4B-00C04F79EFBC}") = "Ex40", "Ex40\Ex40.csproj", "{4D4BC7AE-B6F4-4150-9F32-85C1576E1AC5}"
EndProject
Project("{FAE04EC0-301F-11D3-BF4B-00C04F79EFBC}") = "Ex41", "Ex41\Ex41.csproj", "{9049283E-D9D0-4AEE-B61E-CBFD494C6879}"
EndProject
Project("{FAE04EC0-301F-11D3-BF4B-00C04F79EFBC}") = "Ex42", "Ex42\Ex42.csproj", "{AFF69B39-BBAF-4595-93CA-6E3655D144F4}"
EndProject
Project("{FAE04EC0-301F-11D3-BF4B-00C04F79EFBC}") = "Ex43", "Ex43\Ex43.csproj", "{FCEC0825-DABA-4648-8D2E-2AC139A03CA2}"
EndProject
Project("{FAE04EC0-301F-11D3-BF4B-00C04F79EFBC}") = "Ex44", "Ex44\Ex44.csproj", "{460C44FD-9B75-4C8F-8384-E57AED328476}"
EndProject
Project("{FAE04EC0-301F-11D3-BF4B-00C04F79EFBC}") = "Ex45", "Ex45\Ex45.csproj", "{C5070936-0825-4C99-93A3-AECEB62EA588}"
EndProject
Project("{FAE04EC0-301F-11D3-BF4B-00C04F79EFBC}") = "Ex46", "Ex46\Ex46.csproj", "{04C7E5E5-0B18-44AE-85D6-860CEAE2E210}"
EndProject
Project("{FAE04EC0-301F-11D3-BF4B-00C04F79EFBC}") = "Ex47", "Ex47\Ex47.csproj", "{2E2439F8-10B0-4816-89C1-C436148FE58E}"
EndProject
Project("{FAE04EC0-301F-11D3-BF4B-00C04F79EFBC}") = "Ex48", "Ex48\Ex48.csproj", "{A28840C7-2CC6-47E6-88BE-DDD1AE4C9D24}"
EndProject
Project("{FAE04EC0-301F-11D3-BF4B-00C04F79EFBC}") = "Ex49", "Ex49\Ex49.csproj", "{B04D376C-9FE2-453C-B237-8436C5A0AEBC}"
EndProject
Project("{FAE04EC0-301F-11D3-BF4B-00C04F79EFBC}") = "Ex50", "Ex50\Ex50.csproj", "{626737BB-AB43-4BD5-96B9-4C8123BE51C8}"
EndProject
Project("{FAE04EC0-301F-11D3-BF4B-00C04F79EFBC}") = "Ex01", "Ex01\Ex01.csproj", "{19254BD4-6D29-4D3D-8037-F5F40878F120}"
EndProject
Project("{FAE04EC0-301F-11D3-BF4B-00C04F79EFBC}") = "Ex02", "Ex02\Ex02.csproj", "{9D8F5F4C-D2EE-40B7-A0BD-DEF4FD80628A}"
EndProject
Project("{FAE04EC0-301F-11D3-BF4B-00C04F79EFBC}") = "Ex03", "Ex03\Ex03.csproj", "{E1AF55DA-33D2-4B3F-8CFE-1E2E426DA183}"
EndProject
Project("{FAE04EC0-301F-11D3-BF4B-00C04F79EFBC}") = "Ex04", "Ex04\Ex04.csproj", "{5610FE87-E19D-4276-8FFB-6EAD942FFF16}"
EndProject
Project("{FAE04EC0-301F-11D3-BF4B-00C04F79EFBC}") = "Ex05", "Ex05\Ex05.csproj", "{D727DBCF-F1E8-4F4A-B8B5-6940A70F6F9B}"
EndProject
Project("{FAE04EC0-301F-11D3-BF4B-00C04F79EFBC}") = "Ex06", "Ex06\Ex06.csproj", "{FC081467-6698-4DA9-BAE5-D003C07F08F2}"
EndProject
Project("{FAE04EC0-301F-11D3-BF4B-00C04F79EFBC}") = "Ex07", "Ex07\Ex07.csproj", "{D2942BF8-F2C7-4F3F-A4D2-0233763119B0}"
EndProject
Project("{FAE04EC0-301F-11D3-BF4B-00C04F79EFBC}") = "Ex08", "Ex08\Ex08.csproj", "{3690BF48-BCDD-4329-9C91-3716E0BD1890}"
EndProject
Project("{FAE04EC0-301F-11D3-BF4B-00C04F79EFBC}") = "Ex09", "Ex09\Ex09.csproj", "{88F6C997-7FA0-46B3-9E8F-F4CCDA4F5FB7}"
EndProject
Project("{FAE04EC0-301F-11D3-BF4B-00C04F79EFBC}") = "Ex10", "Ex10\Ex10.csproj", "{5E31A01D-B53E-4584-A496-CC76B444930A}"
EndProject
Project("{FAE04EC0-301F-11D3-BF4B-00C04F79EFBC}") = "Ex11", "Ex11\Ex11.csproj", "{1B5331CF-A9E3-470B-B9C1-9555A56901DE}"
EndProject
Project("{FAE04EC0-301F-11D3-BF4B-00C04F79EFBC}") = "Ex12", "Ex12\Ex12.csproj", "{53F6CC93-29A2-4B81-A145-1A229D72E06F}"
EndProject
Project("{FAE04EC0-301F-11D3-BF4B-00C04F79EFBC}") = "Ex13", "Ex13\Ex13.csproj", "{8447E0EF-6DC3-45FA-ACAF-14BF086F52AF}"
EndProject
Global
	GlobalSection(SolutionConfigurationPlatforms) = preSolution
		Debug|Any CPU = Debug|Any CPU
		Release|Any CPU = Release|Any CPU
	EndGlobalSection
	GlobalSection(ProjectConfigurationPlatforms) = postSolution
		{55C72438-C7B3-4A8A-BE78-E9965ABD614E}.Debug|Any CPU.ActiveCfg = Debug|Any CPU
		{55C72438-C7B3-4A8A-BE78-E9965ABD614E}.Debug|Any CPU.Build.0 = Debug|Any CPU
		{55C72438-C7B3-4A8A-BE78-E9965ABD614E}.Release|Any CPU.ActiveCfg = Release|Any CPU
		{55C72438-C7B3-4A8A-BE78-E9965ABD614E}.Release|Any CPU.Build.0 = Release|Any CPU
		{1F2B2BCE-BEDD-4981-97FF-1028ABF02AAE}.Debug|Any CPU.ActiveCfg = Debug|Any CPU
		{1F2B2BCE-BEDD-4981-97FF-1028ABF02AAE}.Debug|Any CPU.Build.0 = Debug|Any CPU
		{1F2B2BCE-BEDD-4981-97FF-1028ABF02AAE}.Release|Any CPU.ActiveCfg = Release|Any CPU
		{1F2B2BCE-BEDD-4981-97FF-1028ABF02AAE}.Release|Any CPU.Build.0 = Release|Any CPU
		{777D6DB7-D552-4FB1-ACC0-2C59B5927EF6}.Debug|Any CPU.ActiveCfg = Debug|Any CPU
		{777D6DB7-D552-4FB1-ACC0-2C59B5927EF6}.Debug|Any CPU.Build.0 = Debug|Any CPU
		{777D6DB7-D552-4FB1-ACC0-2C59B5927EF6}.Release|Any CPU.ActiveCfg = Release|Any CPU
		{777D6DB7-D552-4FB1-ACC0-2C59B5927EF6}.Release|Any CPU.Build.0 = Release|Any CPU
		{7CA3E755-5FE1-4BDE-B959-C76BDF262178}.Debug|Any CPU.ActiveCfg = Debug|Any CPU
		{7CA3E755-5FE1-4BDE-B959-C76BDF262178}.Debug|Any CPU.Build.0 = Debug|Any CPU
		{7CA3E755-5FE1-4BDE-B959-C76BDF262178}.Release|Any CPU.ActiveCfg = Release|Any CPU
		{7CA3E755-5FE1-4BDE-B959-C76BDF262178}.Release|Any CPU.Build.0 = Release|Any CPU
		{226C76A4-AE83-43A3-8BA9-67C21D6E69B4}.Debug|Any CPU.ActiveCfg = Debug|Any CPU
		{226C76A4-AE83-43A3-8BA9-67C21D6E69B4}.Debug|Any CPU.Build.0 = Debug|Any CPU
		{226C76A4-AE83-43A3-8BA9-67C21D6E69B4}.Release|Any CPU.ActiveCfg = Release|Any CPU
		{226C76A4-AE83-43A3-8BA9-67C21D6E69B4}.Release|Any CPU.Build.0 = Release|Any CPU
		{388A5C52-388D-4BBB-9E0D-7FA832F4442C}.Debug|Any CPU.ActiveCfg = Debug|Any CPU
		{388A5C52-388D-4BBB-9E0D-7FA832F4442C}.Debug|Any CPU.Build.0 = Debug|Any CPU
		{388A5C52-388D-4BBB-9E0D-7FA832F4442C}.Release|Any CPU.ActiveCfg = Release|Any CPU
		{388A5C52-388D-4BBB-9E0D-7FA832F4442C}.Release|Any CPU.Build.0 = Release|Any CPU
		{42B73FCD-6C46-40C1-BFE4-88A96277B541}.Debug|Any CPU.ActiveCfg = Debug|Any CPU
		{42B73FCD-6C46-40C1-BFE4-88A96277B541}.Debug|Any CPU.Build.0 = Debug|Any CPU
		{42B73FCD-6C46-40C1-BFE4-88A96277B541}.Release|Any CPU.ActiveCfg = Release|Any CPU
		{42B73FCD-6C46-40C1-BFE4-88A96277B541}.Release|Any CPU.Build.0 = Release|Any CPU
		{A13E68C9-EFA5-456B-B84E-312F1846E71E}.Debug|Any CPU.ActiveCfg = Debug|Any CPU
		{A13E68C9-EFA5-456B-B84E-312F1846E71E}.Debug|Any CPU.Build.0 = Debug|Any CPU
		{A13E68C9-EFA5-456B-B84E-312F1846E71E}.Release|Any CPU.ActiveCfg = Release|Any CPU
		{A13E68C9-EFA5-456B-B84E-312F1846E71E}.Release|Any CPU.Build.0 = Release|Any CPU
		{455FC18B-DD6F-44E5-BA14-4E89FA12C4AF}.Debug|Any CPU.ActiveCfg = Debug|Any CPU
		{455FC18B-DD6F-44E5-BA14-4E89FA12C4AF}.Debug|Any CPU.Build.0 = Debug|Any CPU
		{455FC18B-DD6F-44E5-BA14-4E89FA12C4AF}.Release|Any CPU.ActiveCfg = Release|Any CPU
		{455FC18B-DD6F-44E5-BA14-4E89FA12C4AF}.Release|Any CPU.Build.0 = Release|Any CPU
		{3654BDE1-1AB8-4DDA-9667-1982B8A69348}.Debug|Any CPU.ActiveCfg = Debug|Any CPU
		{3654BDE1-1AB8-4DDA-9667-1982B8A69348}.Debug|Any CPU.Build.0 = Debug|Any CPU
		{3654BDE1-1AB8-4DDA-9667-1982B8A69348}.Release|Any CPU.ActiveCfg = Release|Any CPU
		{3654BDE1-1AB8-4DDA-9667-1982B8A69348}.Release|Any CPU.Build.0 = Release|Any CPU
		{AB8A8469-1681-4560-A996-DAA75C1A44BF}.Debug|Any CPU.ActiveCfg = Debug|Any CPU
		{AB8A8469-1681-4560-A996-DAA75C1A44BF}.Debug|Any CPU.Build.0 = Debug|Any CPU
		{AB8A8469-1681-4560-A996-DAA75C1A44BF}.Release|Any CPU.ActiveCfg = Release|Any CPU
		{AB8A8469-1681-4560-A996-DAA75C1A44BF}.Release|Any CPU.Build.0 = Release|Any CPU
		{B2EAC62F-DCE7-4DEF-9C41-71E1BEF7693A}.Debug|Any CPU.ActiveCfg = Debug|Any CPU
		{B2EAC62F-DCE7-4DEF-9C41-71E1BEF7693A}.Debug|Any CPU.Build.0 = Debug|Any CPU
		{B2EAC62F-DCE7-4DEF-9C41-71E1BEF7693A}.Release|Any CPU.ActiveCfg = Release|Any CPU
		{B2EAC62F-DCE7-4DEF-9C41-71E1BEF7693A}.Release|Any CPU.Build.0 = Release|Any CPU
		{E0274A79-515D-46A2-BD7C-3E8A389107DE}.Debug|Any CPU.ActiveCfg = Debug|Any CPU
		{E0274A79-515D-46A2-BD7C-3E8A389107DE}.Debug|Any CPU.Build.0 = Debug|Any CPU
		{E0274A79-515D-46A2-BD7C-3E8A389107DE}.Release|Any CPU.ActiveCfg = Release|Any CPU
		{E0274A79-515D-46A2-BD7C-3E8A389107DE}.Release|Any CPU.Build.0 = Release|Any CPU
		{57838924-A032-4307-B06A-8EDF3C351B3D}.Debug|Any CPU.ActiveCfg = Debug|Any CPU
		{57838924-A032-4307-B06A-8EDF3C351B3D}.Debug|Any CPU.Build.0 = Debug|Any CPU
		{57838924-A032-4307-B06A-8EDF3C351B3D}.Release|Any CPU.ActiveCfg = Release|Any CPU
		{57838924-A032-4307-B06A-8EDF3C351B3D}.Release|Any CPU.Build.0 = Release|Any CPU
		{DCEEC4FB-C5E6-41E2-9570-078739A7355B}.Debug|Any CPU.ActiveCfg = Debug|Any CPU
		{DCEEC4FB-C5E6-41E2-9570-078739A7355B}.Debug|Any CPU.Build.0 = Debug|Any CPU
		{DCEEC4FB-C5E6-41E2-9570-078739A7355B}.Release|Any CPU.ActiveCfg = Release|Any CPU
		{DCEEC4FB-C5E6-41E2-9570-078739A7355B}.Release|Any CPU.Build.0 = Release|Any CPU
		{1C4C4E68-70F0-4640-ADF6-FA1CCFA21834}.Debug|Any CPU.ActiveCfg = Debug|Any CPU
		{1C4C4E68-70F0-4640-ADF6-FA1CCFA21834}.Debug|Any CPU.Build.0 = Debug|Any CPU
		{1C4C4E68-70F0-4640-ADF6-FA1CCFA21834}.Release|Any CPU.ActiveCfg = Release|Any CPU
		{1C4C4E68-70F0-4640-ADF6-FA1CCFA21834}.Release|Any CPU.Build.0 = Release|Any CPU
		{16A691EB-0825-49CB-BC6F-92B3B3BAEFEA}.Debug|Any CPU.ActiveCfg = Debug|Any CPU
		{16A691EB-0825-49CB-BC6F-92B3B3BAEFEA}.Debug|Any CPU.Build.0 = Debug|Any CPU
		{16A691EB-0825-49CB-BC6F-92B3B3BAEFEA}.Release|Any CPU.ActiveCfg = Release|Any CPU
		{16A691EB-0825-49CB-BC6F-92B3B3BAEFEA}.Release|Any CPU.Build.0 = Release|Any CPU
		{EEB9E5FD-9A7C-490D-929F-072A1D002555}.Debug|Any CPU.ActiveCfg = Debug|Any CPU
		{EEB9E5FD-9A7C-490D-929F-072A1D002555}.Debug|Any CPU.Build.0 = Debug|Any CPU
		{EEB9E5FD-9A7C-490D-929F-072A1D002555}.Release|Any CPU.ActiveCfg = Release|Any CPU
		{EEB9E5FD-9A7C-490D-929F-072A1D002555}.Release|Any CPU.Build.0 = Release|Any CPU
		{AACBD3B2-ED51-4379-AAB2-58117FD805B4}.Debug|Any CPU.ActiveCfg = Debug|Any CPU
		{AACBD3B2-ED51-4379-AAB2-58117FD805B4}.Debug|Any CPU.Build.0 = Debug|Any CPU
		{AACBD3B2-ED51-4379-AAB2-58117FD805B4}.Release|Any CPU.ActiveCfg = Release|Any CPU
		{AACBD3B2-ED51-4379-AAB2-58117FD805B4}.Release|Any CPU.Build.0 = Release|Any CPU
		{C7F0D825-ACC9-4CB0-9F59-CCF46FD44B30}.Debug|Any CPU.ActiveCfg = Debug|Any CPU
		{C7F0D825-ACC9-4CB0-9F59-CCF46FD44B30}.Debug|Any CPU.Build.0 = Debug|Any CPU
		{C7F0D825-ACC9-4CB0-9F59-CCF46FD44B30}.Release|Any CPU.ActiveCfg = Release|Any CPU
		{C7F0D825-ACC9-4CB0-9F59-CCF46FD44B30}.Release|Any CPU.Build.0 = Release|Any CPU
		{4D4BC7AE-B6F4-4150-9F32-85C1576E1AC5}.Debug|Any CPU.ActiveCfg = Debug|Any CPU
		{4D4BC7AE-B6F4-4150-9F32-85C1576E1AC5}.Debug|Any CPU.Build.0 = Debug|Any CPU
		{4D4BC7AE-B6F4-4150-9F32-85C1576E1AC5}.Release|Any CPU.ActiveCfg = Release|Any CPU
		{4D4BC7AE-B6F4-4150-9F32-85C1576E1AC5}.Release|Any CPU.Build.0 = Release|Any CPU
		{9049283E-D9D0-4AEE-B61E-CBFD494C6879}.Debug|Any CPU.ActiveCfg = Debug|Any CPU
		{9049283E-D9D0-4AEE-B61E-CBFD494C6879}.Debug|Any CPU.Build.0 = Debug|Any CPU
		{9049283E-D9D0-4AEE-B61E-CBFD494C6879}.Release|Any CPU.ActiveCfg = Release|Any CPU
		{9049283E-D9D0-4AEE-B61E-CBFD494C6879}.Release|Any CPU.Build.0 = Release|Any CPU
		{AFF69B39-BBAF-4595-93CA-6E3655D144F4}.Debug|Any CPU.ActiveCfg = Debug|Any CPU
		{AFF69B39-BBAF-4595-93CA-6E3655D144F4}.Debug|Any CPU.Build.0 = Debug|Any CPU
		{AFF69B39-BBAF-4595-93CA-6E3655D144F4}.Release|Any CPU.ActiveCfg = Release|Any CPU
		{AFF69B39-BBAF-4595-93CA-6E3655D144F4}.Release|Any CPU.Build.0 = Release|Any CPU
		{FCEC0825-DABA-4648-8D2E-2AC139A03CA2}.Debug|Any CPU.ActiveCfg = Debug|Any CPU
		{FCEC0825-DABA-4648-8D2E-2AC139A03CA2}.Debug|Any CPU.Build.0 = Debug|Any CPU
		{FCEC0825-DABA-4648-8D2E-2AC139A03CA2}.Release|Any CPU.ActiveCfg = Release|Any CPU
		{FCEC0825-DABA-4648-8D2E-2AC139A03CA2}.Release|Any CPU.Build.0 = Release|Any CPU
		{460C44FD-9B75-4C8F-8384-E57AED328476}.Debug|Any CPU.ActiveCfg = Debug|Any CPU
		{460C44FD-9B75-4C8F-8384-E57AED328476}.Debug|Any CPU.Build.0 = Debug|Any CPU
		{460C44FD-9B75-4C8F-8384-E57AED328476}.Release|Any CPU.ActiveCfg = Release|Any CPU
		{460C44FD-9B75-4C8F-8384-E57AED328476}.Release|Any CPU.Build.0 = Release|Any CPU
		{C5070936-0825-4C99-93A3-AECEB62EA588}.Debug|Any CPU.ActiveCfg = Debug|Any CPU
		{C5070936-0825-4C99-93A3-AECEB62EA588}.Debug|Any CPU.Build.0 = Debug|Any CPU
		{C5070936-0825-4C99-93A3-AECEB62EA588}.Release|Any CPU.ActiveCfg = Release|Any CPU
		{C5070936-0825-4C99-93A3-AECEB62EA588}.Release|Any CPU.Build.0 = Release|Any CPU
		{04C7E5E5-0B18-44AE-85D6-860CEAE2E210}.Debug|Any CPU.ActiveCfg = Debug|Any CPU
		{04C7E5E5-0B18-44AE-85D6-860CEAE2E210}.Debug|Any CPU.Build.0 = Debug|Any CPU
		{04C7E5E5-0B18-44AE-85D6-860CEAE2E210}.Release|Any CPU.ActiveCfg = Release|Any CPU
		{04C7E5E5-0B18-44AE-85D6-860CEAE2E210}.Release|Any CPU.Build.0 = Release|Any CPU
		{2E2439F8-10B0-4816-89C1-C436148FE58E}.Debug|Any CPU.ActiveCfg = Debug|Any CPU
		{2E2439F8-10B0-4816-89C1-C436148FE58E}.Debug|Any CPU.Build.0 = Debug|Any CPU
		{2E2439F8-10B0-4816-89C1-C436148FE58E}.Release|Any CPU.ActiveCfg = Release|Any CPU
		{2E2439F8-10B0-4816-89C1-C436148FE58E}.Release|Any CPU.Build.0 = Release|Any CPU
		{A28840C7-2CC6-47E6-88BE-DDD1AE4C9D24}.Debug|Any CPU.ActiveCfg = Debug|Any CPU
		{A28840C7-2CC6-47E6-88BE-DDD1AE4C9D24}.Debug|Any CPU.Build.0 = Debug|Any CPU
		{A28840C7-2CC6-47E6-88BE-DDD1AE4C9D24}.Release|Any CPU.ActiveCfg = Release|Any CPU
		{A28840C7-2CC6-47E6-88BE-DDD1AE4C9D24}.Release|Any CPU.Build.0 = Release|Any CPU
		{B04D376C-9FE2-453C-B237-8436C5A0AEBC}.Debug|Any CPU.ActiveCfg = Debug|Any CPU
		{B04D376C-9FE2-453C-B237-8436C5A0AEBC}.Debug|Any CPU.Build.0 = Debug|Any CPU
		{B04D376C-9FE2-453C-B237-8436C5A0AEBC}.Release|Any CPU.ActiveCfg = Release|Any CPU
		{B04D376C-9FE2-453C-B237-8436C5A0AEBC}.Release|Any CPU.Build.0 = Release|Any CPU
		{626737BB-AB43-4BD5-96B9-4C8123BE51C8}.Debug|Any CPU.ActiveCfg = Debug|Any CPU
		{626737BB-AB43-4BD5-96B9-4C8123BE51C8}.Debug|Any CPU.Build.0 = Debug|Any CPU
		{626737BB-AB43-4BD5-96B9-4C8123BE51C8}.Release|Any CPU.ActiveCfg = Release|Any CPU
		{626737BB-AB43-4BD5-96B9-4C8123BE51C8}.Release|Any CPU.Build.0 = Release|Any CPU
		{19254BD4-6D29-4D3D-8037-F5F40878F120}.Debug|Any CPU.ActiveCfg = Debug|Any CPU
		{19254BD4-6D29-4D3D-8037-F5F40878F120}.Debug|Any CPU.Build.0 = Debug|Any CPU
		{19254BD4-6D29-4D3D-8037-F5F40878F120}.Release|Any CPU.ActiveCfg = Release|Any CPU
		{19254BD4-6D29-4D3D-8037-F5F40878F120}.Release|Any CPU.Build.0 = Release|Any CPU
		{9D8F5F4C-D2EE-40B7-A0BD-DEF4FD80628A}.Debug|Any CPU.ActiveCfg = Debug|Any CPU
		{9D8F5F4C-D2EE-40B7-A0BD-DEF4FD80628A}.Debug|Any CPU.Build.0 = Debug|Any CPU
		{9D8F5F4C-D2EE-40B7-A0BD-DEF4FD80628A}.Release|Any CPU.ActiveCfg = Release|Any CPU
		{9D8F5F4C-D2EE-40B7-A0BD-DEF4FD80628A}.Release|Any CPU.Build.0 = Release|Any CPU
		{E1AF55DA-33D2-4B3F-8CFE-1E2E426DA183}.Debug|Any CPU.ActiveCfg = Debug|Any CPU
		{E1AF55DA-33D2-4B3F-8CFE-1E2E426DA183}.Debug|Any CPU.Build.0 = Debug|Any CPU
		{E1AF55DA-33D2-4B3F-8CFE-1E2E426DA183}.Release|Any CPU.ActiveCfg = Release|Any CPU
		{E1AF55DA-33D2-4B3F-8CFE-1E2E426DA183}.Release|Any CPU.Build.0 = Release|Any CPU
		{5610FE87-E19D-4276-8FFB-6EAD942FFF16}.Debug|Any CPU.ActiveCfg = Debug|Any CPU
		{5610FE87-E19D-4276-8FFB-6EAD942FFF16}.Debug|Any CPU.Build.0 = Debug|Any CPU
		{5610FE87-E19D-4276-8FFB-6EAD942FFF16}.Release|Any CPU.ActiveCfg = Release|Any CPU
		{5610FE87-E19D-4276-8FFB-6EAD942FFF16}.Release|Any CPU.Build.0 = Release|Any CPU
		{D727DBCF-F1E8-4F4A-B8B5-6940A70F6F9B}.Debug|Any CPU.ActiveCfg = Debug|Any CPU
		{D727DBCF-F1E8-4F4A-B8B5-6940A70F6F9B}.Debug|Any CPU.Build.0 = Debug|Any CPU
		{D727DBCF-F1E8-4F4A-B8B5-6940A70F6F9B}.Release|Any CPU.ActiveCfg = Release|Any CPU
		{D727DBCF-F1E8-4F4A-B8B5-6940A70F6F9B}.Release|Any CPU.Build.0 = Release|Any CPU
		{FC081467-6698-4DA9-BAE5-D003C07F08F2}.Debug|Any CPU.ActiveCfg = Debug|Any CPU
		{FC081467-6698-4DA9-BAE5-D003C07F08F2}.Debug|Any CPU.Build.0 = Debug|Any CPU
		{FC081467-6698-4DA9-BAE5-D003C07F08F2}.Release|Any CPU.ActiveCfg = Release|Any CPU
		{FC081467-6698-4DA9-BAE5-D003C07F08F2}.Release|Any CPU.Build.0 = Release|Any CPU
		{D2942BF8-F2C7-4F3F-A4D2-0233763119B0}.Debug|Any CPU.ActiveCfg = Debug|Any CPU
		{D2942BF8-F2C7-4F3F-A4D2-0233763119B0}.Debug|Any CPU.Build.0 = Debug|Any CPU
		{D2942BF8-F2C7-4F3F-A4D2-0233763119B0}.Release|Any CPU.ActiveCfg = Release|Any CPU
		{D2942BF8-F2C7-4F3F-A4D2-0233763119B0}.Release|Any CPU.Build.0 = Release|Any CPU
		{3690BF48-BCDD-4329-9C91-3716E0BD1890}.Debug|Any CPU.ActiveCfg = Debug|Any CPU
		{3690BF48-BCDD-4329-9C91-3716E0BD1890}.Debug|Any CPU.Build.0 = Debug|Any CPU
		{3690BF48-BCDD-4329-9C91-3716E0BD1890}.Release|Any CPU.ActiveCfg = Release|Any CPU
		{3690BF48-BCDD-4329-9C91-3716E0BD1890}.Release|Any CPU.Build.0 = Release|Any CPU
		{88F6C997-7FA0-46B3-9E8F-F4CCDA4F5FB7}.Debug|Any CPU.ActiveCfg = Debug|Any CPU
		{88F6C997-7FA0-46B3-9E8F-F4CCDA4F5FB7}.Debug|Any CPU.Build.0 = Debug|Any CPU
		{88F6C997-7FA0-46B3-9E8F-F4CCDA4F5FB7}.Release|Any CPU.ActiveCfg = Release|Any CPU
		{88F6C997-7FA0-46B3-9E8F-F4CCDA4F5FB7}.Release|Any CPU.Build.0 = Release|Any CPU
		{5E31A01D-B53E-4584-A496-CC76B444930A}.Debug|Any CPU.ActiveCfg = Debug|Any CPU
		{5E31A01D-B53E-4584-A496-CC76B444930A}.Debug|Any CPU.Build.0 = Debug|Any CPU
		{5E31A01D-B53E-4584-A496-CC76B444930A}.Release|Any CPU.ActiveCfg = Release|Any CPU
		{5E31A01D-B53E-4584-A496-CC76B444930A}.Release|Any CPU.Build.0 = Release|Any CPU
		{1B5331CF-A9E3-470B-B9C1-9555A56901DE}.Debug|Any CPU.ActiveCfg = Debug|Any CPU
		{1B5331CF-A9E3-470B-B9C1-9555A56901DE}.Debug|Any CPU.Build.0 = Debug|Any CPU
		{1B5331CF-A9E3-470B-B9C1-9555A56901DE}.Release|Any CPU.ActiveCfg = Release|Any CPU
		{1B5331CF-A9E3-470B-B9C1-9555A56901DE}.Release|Any CPU.Build.0 = Release|Any CPU
		{53F6CC93-29A2-4B81-A145-1A229D72E06F}.Debug|Any CPU.ActiveCfg = Debug|Any CPU
		{53F6CC93-29A2-4B81-A145-1A229D72E06F}.Debug|Any CPU.Build.0 = Debug|Any CPU
		{53F6CC93-29A2-4B81-A145-1A229D72E06F}.Release|Any CPU.ActiveCfg = Release|Any CPU
		{53F6CC93-29A2-4B81-A145-1A229D72E06F}.Release|Any CPU.Build.0 = Release|Any CPU
		{8447E0EF-6DC3-45FA-ACAF-14BF086F52AF}.Debug|Any CPU.ActiveCfg = Debug|Any CPU
		{8447E0EF-6DC3-45FA-ACAF-14BF086F52AF}.Debug|Any CPU.Build.0 = Debug|Any CPU
		{8447E0EF-6DC3-45FA-ACAF-14BF086F52AF}.Release|Any CPU.ActiveCfg = Release|Any CPU
		{8447E0EF-6DC3-45FA-ACAF-14BF086F52AF}.Release|Any CPU.Build.0 = Release|Any CPU
	EndGlobalSection
	GlobalSection(SolutionProperties) = preSolution
		HideSolutionNode = FALSE
	EndGlobalSection
	GlobalSection(ExtensibilityGlobals) = postSolution
		SolutionGuid = {56B049A5-8851-4B9B-88BF-E57BCF9CCC4D}
	EndGlobalSection
EndGlobal
