
Microsoft Visual Studio Solution File, Format Version 12.00
# Visual Studio Version 16
VisualStudioVersion = 16.0.30320.27
MinimumVisualStudioVersion = 10.0.40219.1
Project("{FAE04EC0-301F-11D3-BF4B-00C04F79EFBC}") = "Ex21", "Ex21\Ex21.csproj", "{55C72438-C7B3-4A8A-BE78-E9965ABD614E}"
EndProject
Project("{FAE04EC0-301F-11D3-BF4B-00C04F79EFBC}") = "Ex20", "Ex20\Ex20.csproj", "{1F2B2BCE-BEDD-4981-97FF-1028ABF02AAE}"
EndProject
Project("{FAE04EC0-301F-11D3-BF4B-00C04F79EFBC}") = "Ex22", "Ex22\Ex22.csproj", "{777D6DB7-D552-4FB1-ACC0-2C59B5927EF6}"
EndProject
Project("{FAE04EC0-301F-11D3-BF4B-00C04F79EFBC}") = "Ex23", "Ex23\Ex23.csproj", "{7CA3E755-5FE1-4BDE-B959-C76BDF262178}"
EndProject
Project("{FAE04EC0-301F-11D3-BF4B-00C04F79EFBC}") = "Ex24", "Ex24\Ex24.csproj", "{226C76A4-AE83-43A3-8BA9-67C21D6E69B4}"
EndProject
Project("{FAE04EC0-301F-11D3-BF4B-00C04F79EFBC}") = "Ex25", "Ex25\Ex25.csproj", "{388A5C52-388D-4BBB-9E0D-7FA832F4442C}"
EndProject
Project("{FAE04EC0-301F-11D3-BF4B-00C04F79EFBC}") = "Ex26", "Ex26\Ex26.csproj", "{42B73FCD-6C46-40C1-BFE4-88A96277B541}"
EndProject
Project("{FAE04EC0-301F-11D3-BF4B-00C04F79EFBC}") = "Ex27", "Ex27\Ex27.csproj", "{A13E68C9-EFA5-456B-B84E-312F1846E71E}"
EndProject
Project("{FAE04EC0-301F-11D3-BF4B-00C04F79EFBC}") = "Ex28", "Ex28\Ex28.csproj", "{455FC18B-DD6F-44E5-BA14-4E89FA12C4AF}"
EndProject
Project("{FAE04EC0-301F-11D3-BF4B-00C04F79EFBC}") = "Ex29", "Ex29\Ex29.csproj", "{3654BDE1-1AB8-4DDA-9667-1982B8A69348}"
EndProject
Project("{FAE04EC0-301F-11D3-BF4B-00C04F79EFBC}") = "Ex30", "Ex30\Ex30.csproj", "{AB8A8469-1681-4560-A996-DAA75C1A44BF}"
EndProject
Project("{FAE04EC0-301F-11D3-BF4B-00C04F79EFBC}") = "Ex31", "Ex31\Ex31.csproj", "{B2EAC62F-DCE7-4DEF-9C41-71E1BEF7693A}"
EndProject
Project("{FAE04EC0-301F-11D3-BF4B-00C04F79EFBC}") = "Ex32", "Ex32\Ex32.csproj", "{E0274A79-515D-46A2-BD7C-3E8A389107DE}"
EndProject
Project("{FAE04EC0-301F-11D3-BF4B-00C04F79EFBC}") = "Ex33", "Ex33\Ex33.csproj", "{57838924-A032-4307-B06A-8EDF3C351B3D}"
EndProject
Project("{FAE04EC0-301F-11D3-BF4B-00C04F79EFBC}") = "Ex34", "Ex34\Ex34.csproj", "{DCEEC4FB-C5E6-41E2-9570-078739A7355B}"
EndProject
Project("{FAE04EC0-301F-11D3-BF4B-00C04F79EFBC}") = "Ex35", "Ex35\Ex35.csproj", "{1C4C4E68-70F0-4640-ADF6-FA1CCFA21834}"
EndProject
Project("{FAE04EC0-301F-11D3-BF4B-00C04F79EFBC}") = "Ex36", "Ex36\Ex36.csproj", "{16A691EB-0825-49CB-BC6F-92B3B3BAEFEA}"
EndProject
Project("{FAE04EC0-301F-11D3-BF4B-00C04F79EFBC}") = "Ex37", "Ex37\Ex37.csproj", "{EEB9E5FD-9A7C-490D-929F-072A1D002555}"
EndProject
Project("{FAE04EC0-301F-11D3-BF4B-00C04F79EFBC}") = "Ex38", "Ex38\Ex38.csproj", "{AACBD3B2-ED51-4379-AAB2-58117FD805B4}"
EndProject
Project("{FAE04EC0-301F-11D3-BF4B-00C04F79EFBC}") = "Ex39", "Ex39\Ex39.csproj", "{C7F0D825-ACC9-4CB0-9F59-CCF46FD44B30}"
EndProject
Project("{FAE04EC0-301F-11D3-BF4B-00C04F79EFBC}") = "Ex40", "Ex40\Ex40.csproj", "{4D4BC7AE-B6F4-4150-9F32-85C1576E1AC5}"
EndProject
Project("{FAE04EC0-301F-11D3-BF4B-00C04F79EFBC}") = "Ex41", "Ex41\Ex41.csproj", "{9049283E-D9D0-4AEE-B61E-CBFD494C6879}"
EndProject
Project("{FAE04EC0-301F-11D3-BF4B-00C04F79EFBC}") = "Ex42", "Ex42\Ex42.csproj", "{AFF69B39-BBAF-4595-93CA-6E3655D144F4}"
EndProject
Global
	GlobalSection(SolutionConfigurationPlatforms) = preSolution
		Debug|Any CPU = Debug|Any CPU
		Release|Any CPU = Release|Any CPU
	EndGlobalSection
	GlobalSection(ProjectConfigurationPlatforms) = postSolution
		{55C72438-C7B3-4A8A-BE78-E9965ABD614E}.Debug|Any CPU.ActiveCfg = Debug|Any CPU
		{55C72438-C7B3-4A8A-BE78-E9965ABD614E}.Debug|Any CPU.Build.0 = Debug|Any CPU
		{55C72438-C7B3-4A8A-BE78-E9965ABD614E}.Release|Any CPU.ActiveCfg = Release|Any CPU
		{55C72438-C7B3-4A8A-BE78-E9965ABD614E}.Release|Any CPU.Build.0 = Release|Any CPU
		{1F2B2BCE-BEDD-4981-97FF-1028ABF02AAE}.Debug|Any CPU.ActiveCfg = Debug|Any CPU
		{1F2B2BCE-BEDD-4981-97FF-1028ABF02AAE}.Debug|Any CPU.Build.0 = Debug|Any CPU
		{1F2B2BCE-BEDD-4981-97FF-1028ABF02AAE}.Release|Any CPU.ActiveCfg = Release|Any CPU
		{1F2B2BCE-BEDD-4981-97FF-1028ABF02AAE}.Release|Any CPU.Build.0 = Release|Any CPU
		{777D6DB7-D552-4FB1-ACC0-2C59B5927EF6}.Debug|Any CPU.ActiveCfg = Debug|Any CPU
		{777D6DB7-D552-4FB1-ACC0-2C59B5927EF6}.Debug|Any CPU.Build.0 = Debug|Any CPU
		{777D6DB7-D552-4FB1-ACC0-2C59B5927EF6}.Release|Any CPU.ActiveCfg = Release|Any CPU
		{777D6DB7-D552-4FB1-ACC0-2C59B5927EF6}.Release|Any CPU.Build.0 = Release|Any CPU
		{7CA3E755-5FE1-4BDE-B959-C76BDF262178}.Debug|Any CPU.ActiveCfg = Debug|Any CPU
		{7CA3E755-5FE1-4BDE-B959-C76BDF262178}.Debug|Any CPU.Build.0 = Debug|Any CPU
		{7CA3E755-5FE1-4BDE-B959-C76BDF262178}.Release|Any CPU.ActiveCfg = Release|Any CPU
		{7CA3E755-5FE1-4BDE-B959-C76BDF262178}.Release|Any CPU.Build.0 = Release|Any CPU
		{226C76A4-AE83-43A3-8BA9-67C21D6E69B4}.Debug|Any CPU.ActiveCfg = Debug|Any CPU
		{226C76A4-AE83-43A3-8BA9-67C21D6E69B4}.Debug|Any CPU.Build.0 = Debug|Any CPU
		{226C76A4-AE83-43A3-8BA9-67C21D6E69B4}.Release|Any CPU.ActiveCfg = Release|Any CPU
		{226C76A4-AE83-43A3-8BA9-67C21D6E69B4}.Release|Any CPU.Build.0 = Release|Any CPU
		{388A5C52-388D-4BBB-9E0D-7FA832F4442C}.Debug|Any CPU.ActiveCfg = Debug|Any CPU
		{388A5C52-388D-4BBB-9E0D-7FA832F4442C}.Debug|Any CPU.Build.0 = Debug|Any CPU
		{388A5C52-388D-4BBB-9E0D-7FA832F4442C}.Release|Any CPU.ActiveCfg = Release|Any CPU
		{388A5C52-388D-4BBB-9E0D-7FA832F4442C}.Release|Any CPU.Build.0 = Release|Any CPU
		{42B73FCD-6C46-40C1-BFE4-88A96277B541}.Debug|Any CPU.ActiveCfg = Debug|Any CPU
		{42B73FCD-6C46-40C1-BFE4-88A96277B541}.Debug|Any CPU.Build.0 = Debug|Any CPU
		{42B73FCD-6C46-40C1-BFE4-88A96277B541}.Release|Any CPU.ActiveCfg = Release|Any CPU
		{42B73FCD-6C46-40C1-BFE4-88A96277B541}.Release|Any CPU.Build.0 = Release|Any CPU
		{A13E68C9-EFA5-456B-B84E-312F1846E71E}.Debug|Any CPU.ActiveCfg = Debug|Any CPU
		{A13E68C9-EFA5-456B-B84E-312F1846E71E}.Debug|Any CPU.Build.0 = Debug|Any CPU
		{A13E68C9-EFA5-456B-B84E-312F1846E71E}.Release|Any CPU.ActiveCfg = Release|Any CPU
		{A13E68C9-EFA5-456B-B84E-312F1846E71E}.Release|Any CPU.Build.0 = Release|Any CPU
		{455FC18B-DD6F-44E5-BA14-4E89FA12C4AF}.Debug|Any CPU.ActiveCfg = Debug|Any CPU
		{455FC18B-DD6F-44E5-BA14-4E89FA12C4AF}.Debug|Any CPU.Build.0 = Debug|Any CPU
		{455FC18B-DD6F-44E5-BA14-4E89FA12C4AF}.Release|Any CPU.ActiveCfg = Release|Any CPU
		{455FC18B-DD6F-44E5-BA14-4E89FA12C4AF}.Release|Any CPU.Build.0 = Release|Any CPU
		{3654BDE1-1AB8-4DDA-9667-1982B8A69348}.Debug|Any CPU.ActiveCfg = Debug|Any CPU
		{3654BDE1-1AB8-4DDA-9667-1982B8A69348}.Debug|Any CPU.Build.0 = Debug|Any CPU
		{3654BDE1-1AB8-4DDA-9667-1982B8A69348}.Release|Any CPU.ActiveCfg = Release|Any CPU
		{3654BDE1-1AB8-4DDA-9667-1982B8A69348}.Release|Any CPU.Build.0 = Release|Any CPU
		{AB8A8469-1681-4560-A996-DAA75C1A44BF}.Debug|Any CPU.ActiveCfg = Debug|Any CPU
		{AB8A8469-1681-4560-A996-DAA75C1A44BF}.Debug|Any CPU.Build.0 = Debug|Any CPU
		{AB8A8469-1681-4560-A996-DAA75C1A44BF}.Release|Any CPU.ActiveCfg = Release|Any CPU
		{AB8A8469-1681-4560-A996-DAA75C1A44BF}.Release|Any CPU.Build.0 = Release|Any CPU
		{B2EAC62F-DCE7-4DEF-9C41-71E1BEF7693A}.Debug|Any CPU.ActiveCfg = Debug|Any CPU
		{B2EAC62F-DCE7-4DEF-9C41-71E1BEF7693A}.Debug|Any CPU.Build.0 = Debug|Any CPU
		{B2EAC62F-DCE7-4DEF-9C41-71E1BEF7693A}.Release|Any CPU.ActiveCfg = Release|Any CPU
		{B2EAC62F-DCE7-4DEF-9C41-71E1BEF7693A}.Release|Any CPU.Build.0 = Release|Any CPU
		{E0274A79-515D-46A2-BD7C-3E8A389107DE}.Debug|Any CPU.ActiveCfg = Debug|Any CPU
		{E0274A79-515D-46A2-BD7C-3E8A389107DE}.Debug|Any CPU.Build.0 = Debug|Any CPU
		{E0274A79-515D-46A2-BD7C-3E8A389107DE}.Release|Any CPU.ActiveCfg = Release|Any CPU
		{E0274A79-515D-46A2-BD7C-3E8A389107DE}.Release|Any CPU.Build.0 = Release|Any CPU
		{57838924-A032-4307-B06A-8EDF3C351B3D}.Debug|Any CPU.ActiveCfg = Debug|Any CPU
		{57838924-A032-4307-B06A-8EDF3C351B3D}.Debug|Any CPU.Build.0 = Debug|Any CPU
		{57838924-A032-4307-B06A-8EDF3C351B3D}.Release|Any CPU.ActiveCfg = Release|Any CPU
		{57838924-A032-4307-B06A-8EDF3C351B3D}.Release|Any CPU.Build.0 = Release|Any CPU
		{DCEEC4FB-C5E6-41E2-9570-078739A7355B}.Debug|Any CPU.ActiveCfg = Debug|Any CPU
		{DCEEC4FB-C5E6-41E2-9570-078739A7355B}.Debug|Any CPU.Build.0 = Debug|Any CPU
		{DCEEC4FB-C5E6-41E2-9570-078739A7355B}.Release|Any CPU.ActiveCfg = Release|Any CPU
		{DCEEC4FB-C5E6-41E2-9570-078739A7355B}.Release|Any CPU.Build.0 = Release|Any CPU
		{1C4C4E68-70F0-4640-ADF6-FA1CCFA21834}.Debug|Any CPU.ActiveCfg = Debug|Any CPU
		{1C4C4E68-70F0-4640-ADF6-FA1CCFA21834}.Debug|Any CPU.Build.0 = Debug|Any CPU
		{1C4C4E68-70F0-4640-ADF6-FA1CCFA21834}.Release|Any CPU.ActiveCfg = Release|Any CPU
		{1C4C4E68-70F0-4640-ADF6-FA1CCFA21834}.Release|Any CPU.Build.0 = Release|Any CPU
		{16A691EB-0825-49CB-BC6F-92B3B3BAEFEA}.Debug|Any CPU.ActiveCfg = Debug|Any CPU
		{16A691EB-0825-49CB-BC6F-92B3B3BAEFEA}.Debug|Any CPU.Build.0 = Debug|Any CPU
		{16A691EB-0825-49CB-BC6F-92B3B3BAEFEA}.Release|Any CPU.ActiveCfg = Release|Any CPU
		{16A691EB-0825-49CB-BC6F-92B3B3BAEFEA}.Release|Any CPU.Build.0 = Release|Any CPU
		{EEB9E5FD-9A7C-490D-929F-072A1D002555}.Debug|Any CPU.ActiveCfg = Debug|Any CPU
		{EEB9E5FD-9A7C-490D-929F-072A1D002555}.Debug|Any CPU.Build.0 = Debug|Any CPU
		{EEB9E5FD-9A7C-490D-929F-072A1D002555}.Release|Any CPU.ActiveCfg = Release|Any CPU
		{EEB9E5FD-9A7C-490D-929F-072A1D002555}.Release|Any CPU.Build.0 = Release|Any CPU
		{AACBD3B2-ED51-4379-AAB2-58117FD805B4}.Debug|Any CPU.ActiveCfg = Debug|Any CPU
		{AACBD3B2-ED51-4379-AAB2-58117FD805B4}.Debug|Any CPU.Build.0 = Debug|Any CPU
		{AACBD3B2-ED51-4379-AAB2-58117FD805B4}.Release|Any CPU.ActiveCfg = Release|Any CPU
		{AACBD3B2-ED51-4379-AAB2-58117FD805B4}.Release|Any CPU.Build.0 = Release|Any CPU
		{C7F0D825-ACC9-4CB0-9F59-CCF46FD44B30}.Debug|Any CPU.ActiveCfg = Debug|Any CPU
		{C7F0D825-ACC9-4CB0-9F59-CCF46FD44B30}.Debug|Any CPU.Build.0 = Debug|Any CPU
		{C7F0D825-ACC9-4CB0-9F59-CCF46FD44B30}.Release|Any CPU.ActiveCfg = Release|Any CPU
		{C7F0D825-ACC9-4CB0-9F59-CCF46FD44B30}.Release|Any CPU.Build.0 = Release|Any CPU
		{4D4BC7AE-B6F4-4150-9F32-85C1576E1AC5}.Debug|Any CPU.ActiveCfg = Debug|Any CPU
		{4D4BC7AE-B6F4-4150-9F32-85C1576E1AC5}.Debug|Any CPU.Build.0 = Debug|Any CPU
		{4D4BC7AE-B6F4-4150-9F32-85C1576E1AC5}.Release|Any CPU.ActiveCfg = Release|Any CPU
		{4D4BC7AE-B6F4-4150-9F32-85C1576E1AC5}.Release|Any CPU.Build.0 = Release|Any CPU
		{9049283E-D9D0-4AEE-B61E-CBFD494C6879}.Debug|Any CPU.ActiveCfg = Debug|Any CPU
		{9049283E-D9D0-4AEE-B61E-CBFD494C6879}.Debug|Any CPU.Build.0 = Debug|Any CPU
		{9049283E-D9D0-4AEE-B61E-CBFD494C6879}.Release|Any CPU.ActiveCfg = Release|Any CPU
		{9049283E-D9D0-4AEE-B61E-CBFD494C6879}.Release|Any CPU.Build.0 = Release|Any CPU
		{AFF69B39-BBAF-4595-93CA-6E3655D144F4}.Debug|Any CPU.ActiveCfg = Debug|Any CPU
		{AFF69B39-BBAF-4595-93CA-6E3655D144F4}.Debug|Any CPU.Build.0 = Debug|Any CPU
		{AFF69B39-BBAF-4595-93CA-6E3655D144F4}.Release|Any CPU.ActiveCfg = Release|Any CPU
		{AFF69B39-BBAF-4595-93CA-6E3655D144F4}.Release|Any CPU.Build.0 = Release|Any CPU
	EndGlobalSection
	GlobalSection(SolutionProperties) = preSolution
		HideSolutionNode = FALSE
	EndGlobalSection
	GlobalSection(ExtensibilityGlobals) = postSolution
		SolutionGuid = {56B049A5-8851-4B9B-88BF-E57BCF9CCC4D}
	EndGlobalSection
EndGlobal
